
Microsoft Visual Studio Solution File, Format Version 12.00
# Visual Studio Version 17
VisualStudioVersion = 17.14.36301.6 d17.14
MinimumVisualStudioVersion = 10.0.40219.1
Project("{FAE04EC0-301F-11D3-BF4B-00C04F79EFBC}") = "gamma2", "gamma2.csproj", "{61E79AD6-E700-4EB6-9816-978F8E202267}"
EndProject
Global
	GlobalSection(SolutionConfigurationPlatforms) = preSolution
		Debug|Any CPU = Debug|Any CPU
		Release|Any CPU = Release|Any CPU
	EndGlobalSection
	GlobalSection(ProjectConfigurationPlatforms) = postSolution
		{61E79AD6-E700-4EB6-9816-978F8E202267}.Debug|Any CPU.ActiveCfg = Debug|Any CPU
		{61E79AD6-E700-4EB6-9816-978F8E202267}.Debug|Any CPU.Build.0 = Debug|Any CPU
		{61E79AD6-E700-4EB6-9816-978F8E202267}.Release|Any CPU.ActiveCfg = Release|Any CPU
		{61E79AD6-E700-4EB6-9816-978F8E202267}.Release|Any CPU.Build.0 = Release|Any CPU
	EndGlobalSection
	GlobalSection(SolutionProperties) = preSolution
		HideSolutionNode = FALSE
	EndGlobalSection
	GlobalSection(ExtensibilityGlobals) = postSolution
		SolutionGuid = {DCC59475-786B-4977-B27C-E24C7D5A5AB7}
	EndGlobalSection
EndGlobal
